
Microsoft Visual Studio Solution File, Format Version 12.00
# Visual Studio 15
VisualStudioVersion = 15.0.28010.2046
MinimumVisualStudioVersion = 10.0.40219.1
Project("{9A19103F-16F7-4668-BE54-9A1E7A4F7556}") = "DPF.Benchmark", "Src\DPF.Benchmark\DPF.Benchmark.csproj", "{89A0212A-1F1F-4E60-AED2-834020B86C9A}"
EndProject
Project("{2150E333-8FDC-42A3-9474-1A3956D46DE8}") = "Solution Items", "Solution Items", "{C14BC171-20F0-453B-9EBB-19915DEF2174}"
	ProjectSection(SolutionItems) = preProject
		readme.md = readme.md
	EndProjectSection
EndProject
Global
	GlobalSection(SolutionConfigurationPlatforms) = preSolution
		Debug|Any CPU = Debug|Any CPU
		Release|Any CPU = Release|Any CPU
	EndGlobalSection
	GlobalSection(ProjectConfigurationPlatforms) = postSolution
		{89A0212A-1F1F-4E60-AED2-834020B86C9A}.Debug|Any CPU.ActiveCfg = Debug|Any CPU
		{89A0212A-1F1F-4E60-AED2-834020B86C9A}.Debug|Any CPU.Build.0 = Debug|Any CPU
		{89A0212A-1F1F-4E60-AED2-834020B86C9A}.Release|Any CPU.ActiveCfg = Release|Any CPU
		{89A0212A-1F1F-4E60-AED2-834020B86C9A}.Release|Any CPU.Build.0 = Release|Any CPU
	EndGlobalSection
	GlobalSection(SolutionProperties) = preSolution
		HideSolutionNode = FALSE
	EndGlobalSection
	GlobalSection(ExtensibilityGlobals) = postSolution
		SolutionGuid = {B1EAF185-5CBF-429C-B914-7D937B5D523D}
	EndGlobalSection
EndGlobal
