
Microsoft Visual Studio Solution File, Format Version 12.00
# Visual Studio Version 16
VisualStudioVersion = 16.0.29409.12
MinimumVisualStudioVersion = 10.0.40219.1
Project("{9A19103F-16F7-4668-BE54-9A1E7A4F7556}") = "DPF.Benchmark", "Src\DPF.Benchmark\DPF.Benchmark.csproj", "{89A0212A-1F1F-4E60-AED2-834020B86C9A}"
EndProject
Project("{2150E333-8FDC-42A3-9474-1A3956D46DE8}") = "Solution Items", "Solution Items", "{C14BC171-20F0-453B-9EBB-19915DEF2174}"
	ProjectSection(SolutionItems) = preProject
		.gitignore = .gitignore
		Directory.Build.props = Directory.Build.props
		readme.md = readme.md
	EndProjectSection
EndProject
Project("{9A19103F-16F7-4668-BE54-9A1E7A4F7556}") = "DPF.Tests", "Tests\DPF.Tests\DPF.Tests.csproj", "{966B759F-6C55-4F37-AE53-D813FD75E1E6}"
EndProject
Project("{9A19103F-16F7-4668-BE54-9A1E7A4F7556}") = "DPF.WebApp", "Src\DPF.WebApp\DPF.WebApp.csproj", "{3BD95466-11E1-4BED-9573-5773DF02CB52}"
EndProject
Project("{9A19103F-16F7-4668-BE54-9A1E7A4F7556}") = "DPF.ArrayPool", "Src\DPF.ArrayPool\DPF.ArrayPool.csproj", "{7C038CEF-4288-43C6-B242-E9EBC4603807}"
EndProject
Project("{9A19103F-16F7-4668-BE54-9A1E7A4F7556}") = "DPF.EarlyRootCollection", "src\DPF.EarlyRootCollection\DPF.EarlyRootCollection.csproj", "{1E30F6B3-F8AB-4FEF-8F13-3ECB39A65BDE}"
EndProject
Global
	GlobalSection(SolutionConfigurationPlatforms) = preSolution
		Debug|Any CPU = Debug|Any CPU
		Release|Any CPU = Release|Any CPU
	EndGlobalSection
	GlobalSection(ProjectConfigurationPlatforms) = postSolution
		{89A0212A-1F1F-4E60-AED2-834020B86C9A}.Debug|Any CPU.ActiveCfg = Debug|Any CPU
		{89A0212A-1F1F-4E60-AED2-834020B86C9A}.Debug|Any CPU.Build.0 = Debug|Any CPU
		{89A0212A-1F1F-4E60-AED2-834020B86C9A}.Release|Any CPU.ActiveCfg = Release|Any CPU
		{89A0212A-1F1F-4E60-AED2-834020B86C9A}.Release|Any CPU.Build.0 = Release|Any CPU
		{966B759F-6C55-4F37-AE53-D813FD75E1E6}.Debug|Any CPU.ActiveCfg = Debug|Any CPU
		{966B759F-6C55-4F37-AE53-D813FD75E1E6}.Debug|Any CPU.Build.0 = Debug|Any CPU
		{966B759F-6C55-4F37-AE53-D813FD75E1E6}.Release|Any CPU.ActiveCfg = Release|Any CPU
		{966B759F-6C55-4F37-AE53-D813FD75E1E6}.Release|Any CPU.Build.0 = Release|Any CPU
		{3BD95466-11E1-4BED-9573-5773DF02CB52}.Debug|Any CPU.ActiveCfg = Debug|Any CPU
		{3BD95466-11E1-4BED-9573-5773DF02CB52}.Debug|Any CPU.Build.0 = Debug|Any CPU
		{3BD95466-11E1-4BED-9573-5773DF02CB52}.Release|Any CPU.ActiveCfg = Release|Any CPU
		{3BD95466-11E1-4BED-9573-5773DF02CB52}.Release|Any CPU.Build.0 = Release|Any CPU
		{7C038CEF-4288-43C6-B242-E9EBC4603807}.Debug|Any CPU.ActiveCfg = Debug|Any CPU
		{7C038CEF-4288-43C6-B242-E9EBC4603807}.Debug|Any CPU.Build.0 = Debug|Any CPU
		{7C038CEF-4288-43C6-B242-E9EBC4603807}.Release|Any CPU.ActiveCfg = Release|Any CPU
		{7C038CEF-4288-43C6-B242-E9EBC4603807}.Release|Any CPU.Build.0 = Release|Any CPU
		{1E30F6B3-F8AB-4FEF-8F13-3ECB39A65BDE}.Debug|Any CPU.ActiveCfg = Debug|Any CPU
		{1E30F6B3-F8AB-4FEF-8F13-3ECB39A65BDE}.Debug|Any CPU.Build.0 = Debug|Any CPU
		{1E30F6B3-F8AB-4FEF-8F13-3ECB39A65BDE}.Release|Any CPU.ActiveCfg = Release|Any CPU
		{1E30F6B3-F8AB-4FEF-8F13-3ECB39A65BDE}.Release|Any CPU.Build.0 = Release|Any CPU
	EndGlobalSection
	GlobalSection(SolutionProperties) = preSolution
		HideSolutionNode = FALSE
	EndGlobalSection
	GlobalSection(ExtensibilityGlobals) = postSolution
		SolutionGuid = {B1EAF185-5CBF-429C-B914-7D937B5D523D}
	EndGlobalSection
EndGlobal
